PODS:
  - Nimble (7.1.1)
  - SwiftLint (0.22.0)

DEPENDENCIES:
  - Nimble
  - SwiftLint

SPEC REPOS:
  https://github.com/cocoapods/specs.git:
    - Nimble
    - SwiftLint

SPEC CHECKSUMS:
  Nimble: 391f07782af4b37914f9bd7b2ffbb952731b8202
  SwiftLint: 1134786caedd2caab0560d2f36b76414a5a56808

PODFILE CHECKSUM: 75a6d79b0d51ad1f4328c7d6c408c396ede0de78

COCOAPODS: 1.5.3
